
Microsoft Visual Studio Solution File, Format Version 12.00
# Visual Studio 15
VisualStudioVersion = 15.0.26228.9
MinimumVisualStudioVersion = 10.0.40219.1
Project("{2150E333-8FDC-42A3-9474-1A3956D46DE8}") = "src", "src", "{AFAA0841-BD93-466F-B8F4-FB4EEC86F1FC}"
EndProject
Project("{2150E333-8FDC-42A3-9474-1A3956D46DE8}") = "test", "test", "{F10AA149-2626-486E-85BB-9CD5365F3016}"
EndProject
Project("{9A19103F-16F7-4668-BE54-9A1E7A4F7556}") = "myAbpBasic.Web", "src\myAbpBasic.Web\myAbpBasic.Web.csproj", "{A2213374-BB48-48FD-BBD4-81E6A961D866}"
EndProject
Project("{9A19103F-16F7-4668-BE54-9A1E7A4F7556}") = "myAbpBasic.Core", "src\myAbpBasic.Core\myAbpBasic.Core.csproj", "{0FA75A5B-AB83-4FD0-B545-279774C01E87}"
EndProject
Project("{9A19103F-16F7-4668-BE54-9A1E7A4F7556}") = "myAbpBasic.Application", "src\myAbpBasic.Application\myAbpBasic.Application.csproj", "{3870C648-4AEA-4B85-BA3F-F2F63B96136A}"
EndProject
Project("{9A19103F-16F7-4668-BE54-9A1E7A4F7556}") = "myAbpBasic.EntityFrameworkCore", "src\myAbpBasic.EntityFrameworkCore\myAbpBasic.EntityFrameworkCore.csproj", "{DC780BC4-4EAC-4C63-9052-6F3169A59FA4}"
EndProject
Project("{9A19103F-16F7-4668-BE54-9A1E7A4F7556}") = "myAbpBasic.Tests", "test\myAbpBasic.Tests\myAbpBasic.Tests.csproj", "{0D4C5D00-C144-4213-A007-4B8944113AB1}"
EndProject
Project("{9A19103F-16F7-4668-BE54-9A1E7A4F7556}") = "myAbpBasic.Web.Tests", "test\myAbpBasic.Web.Tests\myAbpBasic.Web.Tests.csproj", "{5D441612-29CA-4DAD-9945-B9DE11CE026C}"
EndProject
Project("{9A19103F-16F7-4668-BE54-9A1E7A4F7556}") = "SQ.Proton.MicroService.Core", "src\myAbpBasic.Service.Core\SQ.Proton.MicroService.Core.csproj", "{D37015BB-A266-4799-A13E-52792F789ED9}"
EndProject
Project("{2150E333-8FDC-42A3-9474-1A3956D46DE8}") = "Core", "Core", "{08FB09B4-F44D-46EB-8D61-10BA92CC9CF8}"
EndProject
Project("{2150E333-8FDC-42A3-9474-1A3956D46DE8}") = "Business", "Business", "{C7E48205-7C22-483F-B876-2C30D29DAB9D}"
EndProject
Project("{2150E333-8FDC-42A3-9474-1A3956D46DE8}") = "Presentation", "Presentation", "{38F4AF0F-C0AA-4F27-8A5B-D582BDFCB5E9}"
EndProject
Project("{2150E333-8FDC-42A3-9474-1A3956D46DE8}") = "MicroService", "MicroService", "{42ED42FF-4A6A-4456-BC77-6807C9C9CA43}"
EndProject
Project("{9A19103F-16F7-4668-BE54-9A1E7A4F7556}") = "SQ.Proton.Gateway.Sample", "src\SQ.Proton.Gateway.Sample\SQ.Proton.Gateway.Sample.csproj", "{D11426AD-3FEB-442C-AD76-72B82A45BFAC}"
EndProject
Global
	GlobalSection(SolutionConfigurationPlatforms) = preSolution
		Debug|Any CPU = Debug|Any CPU
		Release|Any CPU = Release|Any CPU
	EndGlobalSection
	GlobalSection(ProjectConfigurationPlatforms) = postSolution
		{A2213374-BB48-48FD-BBD4-81E6A961D866}.Debug|Any CPU.ActiveCfg = Debug|Any CPU
		{A2213374-BB48-48FD-BBD4-81E6A961D866}.Debug|Any CPU.Build.0 = Debug|Any CPU
		{A2213374-BB48-48FD-BBD4-81E6A961D866}.Release|Any CPU.ActiveCfg = Release|Any CPU
		{A2213374-BB48-48FD-BBD4-81E6A961D866}.Release|Any CPU.Build.0 = Release|Any CPU
		{0FA75A5B-AB83-4FD0-B545-279774C01E87}.Debug|Any CPU.ActiveCfg = Debug|Any CPU
		{0FA75A5B-AB83-4FD0-B545-279774C01E87}.Debug|Any CPU.Build.0 = Debug|Any CPU
		{0FA75A5B-AB83-4FD0-B545-279774C01E87}.Release|Any CPU.ActiveCfg = Release|Any CPU
		{0FA75A5B-AB83-4FD0-B545-279774C01E87}.Release|Any CPU.Build.0 = Release|Any CPU
		{3870C648-4AEA-4B85-BA3F-F2F63B96136A}.Debug|Any CPU.ActiveCfg = Debug|Any CPU
		{3870C648-4AEA-4B85-BA3F-F2F63B96136A}.Debug|Any CPU.Build.0 = Debug|Any CPU
		{3870C648-4AEA-4B85-BA3F-F2F63B96136A}.Release|Any CPU.ActiveCfg = Release|Any CPU
		{3870C648-4AEA-4B85-BA3F-F2F63B96136A}.Release|Any CPU.Build.0 = Release|Any CPU
		{DC780BC4-4EAC-4C63-9052-6F3169A59FA4}.Debug|Any CPU.ActiveCfg = Debug|Any CPU
		{DC780BC4-4EAC-4C63-9052-6F3169A59FA4}.Debug|Any CPU.Build.0 = Debug|Any CPU
		{DC780BC4-4EAC-4C63-9052-6F3169A59FA4}.Release|Any CPU.ActiveCfg = Release|Any CPU
		{DC780BC4-4EAC-4C63-9052-6F3169A59FA4}.Release|Any CPU.Build.0 = Release|Any CPU
		{0D4C5D00-C144-4213-A007-4B8944113AB1}.Debug|Any CPU.ActiveCfg = Debug|Any CPU
		{0D4C5D00-C144-4213-A007-4B8944113AB1}.Debug|Any CPU.Build.0 = Debug|Any CPU
		{0D4C5D00-C144-4213-A007-4B8944113AB1}.Release|Any CPU.ActiveCfg = Release|Any CPU
		{0D4C5D00-C144-4213-A007-4B8944113AB1}.Release|Any CPU.Build.0 = Release|Any CPU
		{5D441612-29CA-4DAD-9945-B9DE11CE026C}.Debug|Any CPU.ActiveCfg = Debug|Any CPU
		{5D441612-29CA-4DAD-9945-B9DE11CE026C}.Debug|Any CPU.Build.0 = Debug|Any CPU
		{5D441612-29CA-4DAD-9945-B9DE11CE026C}.Release|Any CPU.ActiveCfg = Release|Any CPU
		{5D441612-29CA-4DAD-9945-B9DE11CE026C}.Release|Any CPU.Build.0 = Release|Any CPU
		{D37015BB-A266-4799-A13E-52792F789ED9}.Debug|Any CPU.ActiveCfg = Debug|Any CPU
		{D37015BB-A266-4799-A13E-52792F789ED9}.Debug|Any CPU.Build.0 = Debug|Any CPU
		{D37015BB-A266-4799-A13E-52792F789ED9}.Release|Any CPU.ActiveCfg = Release|Any CPU
		{D37015BB-A266-4799-A13E-52792F789ED9}.Release|Any CPU.Build.0 = Release|Any CPU
		{D11426AD-3FEB-442C-AD76-72B82A45BFAC}.Debug|Any CPU.ActiveCfg = Debug|Any CPU
		{D11426AD-3FEB-442C-AD76-72B82A45BFAC}.Debug|Any CPU.Build.0 = Debug|Any CPU
		{D11426AD-3FEB-442C-AD76-72B82A45BFAC}.Release|Any CPU.ActiveCfg = Release|Any CPU
		{D11426AD-3FEB-442C-AD76-72B82A45BFAC}.Release|Any CPU.Build.0 = Release|Any CPU
	EndGlobalSection
	GlobalSection(SolutionProperties) = preSolution
		HideSolutionNode = FALSE
	EndGlobalSection
	GlobalSection(NestedProjects) = preSolution
		{A2213374-BB48-48FD-BBD4-81E6A961D866} = {38F4AF0F-C0AA-4F27-8A5B-D582BDFCB5E9}
		{0FA75A5B-AB83-4FD0-B545-279774C01E87} = {C7E48205-7C22-483F-B876-2C30D29DAB9D}
		{3870C648-4AEA-4B85-BA3F-F2F63B96136A} = {C7E48205-7C22-483F-B876-2C30D29DAB9D}
		{DC780BC4-4EAC-4C63-9052-6F3169A59FA4} = {C7E48205-7C22-483F-B876-2C30D29DAB9D}
		{0D4C5D00-C144-4213-A007-4B8944113AB1} = {F10AA149-2626-486E-85BB-9CD5365F3016}
		{5D441612-29CA-4DAD-9945-B9DE11CE026C} = {F10AA149-2626-486E-85BB-9CD5365F3016}
		{D37015BB-A266-4799-A13E-52792F789ED9} = {08FB09B4-F44D-46EB-8D61-10BA92CC9CF8}
		{08FB09B4-F44D-46EB-8D61-10BA92CC9CF8} = {AFAA0841-BD93-466F-B8F4-FB4EEC86F1FC}
		{C7E48205-7C22-483F-B876-2C30D29DAB9D} = {AFAA0841-BD93-466F-B8F4-FB4EEC86F1FC}
		{38F4AF0F-C0AA-4F27-8A5B-D582BDFCB5E9} = {AFAA0841-BD93-466F-B8F4-FB4EEC86F1FC}
		{42ED42FF-4A6A-4456-BC77-6807C9C9CA43} = {AFAA0841-BD93-466F-B8F4-FB4EEC86F1FC}
		{D11426AD-3FEB-442C-AD76-72B82A45BFAC} = {42ED42FF-4A6A-4456-BC77-6807C9C9CA43}
	EndGlobalSection
	GlobalSection(ExtensibilityGlobals) = postSolution
		SolutionGuid = {2BEE78D1-7CD2-4B6B-8790-13592A5A7EA9}
	EndGlobalSection
EndGlobal
